{
  "version": "v1",
  "packages": {
    "react-three-physics": {
      "signature": "221fbbb0d3f2a378b1993099317b95b4",
      "link": true,
      "replaced": "file:.yalc/react-three-physics"
    },
    "@simonghales/react-three-physics": {
      "signature": "850c3a97acacfca87041a5518b8bf4ab",
      "link": true,
      "replaced": "^0.1.2"
    },
    "@simonghales/react-three-scene-editor": {
      "signature": "ef00632a2ca9943b35a12e5299c834be",
      "link": true
    }
  }
}